
Microsoft Visual Studio Solution File, Format Version 12.00
# Visual Studio Version 16
VisualStudioVersion = 16.0.30503.244
MinimumVisualStudioVersion = 10.0.40219.1
Project("{FAE04EC0-301F-11D3-BF4B-00C04F79EFBC}") = "compress_file", "compress_file.csproj", "{ED5C7FF0-5C1B-4D9A-8DCD-C22B5DBA6D7F}"
EndProject
Global
	GlobalSection(SolutionConfigurationPlatforms) = preSolution
		Debug|Any CPU = Debug|Any CPU
		Release|Any CPU = Release|Any CPU
	EndGlobalSection
	GlobalSection(ProjectConfigurationPlatforms) = postSolution
		{ED5C7FF0-5C1B-4D9A-8DCD-C22B5DBA6D7F}.Debug|Any CPU.ActiveCfg = Debug|Any CPU
		{ED5C7FF0-5C1B-4D9A-8DCD-C22B5DBA6D7F}.Debug|Any CPU.Build.0 = Debug|Any CPU
		{ED5C7FF0-5C1B-4D9A-8DCD-C22B5DBA6D7F}.Release|Any CPU.ActiveCfg = Release|Any CPU
		{ED5C7FF0-5C1B-4D9A-8DCD-C22B5DBA6D7F}.Release|Any CPU.Build.0 = Release|Any CPU
	EndGlobalSection
	GlobalSection(SolutionProperties) = preSolution
		HideSolutionNode = FALSE
	EndGlobalSection
	GlobalSection(ExtensibilityGlobals) = postSolution
		SolutionGuid = {459B8186-86A8-4A79-9FD4-FB9732924EBA}
	EndGlobalSection
EndGlobal
